
Microsoft Visual Studio Solution File, Format Version 12.00
# Visual Studio 2013
VisualStudioVersion = 12.0.30324.0
MinimumVisualStudioVersion = 10.0.40219.1
Project("{FAE04EC0-301F-11D3-BF4B-00C04F79EFBC}") = "ResponsivePath.Validation.Web", "ResponsivePath.Validation.Web\ResponsivePath.Validation.Web.csproj", "{6FBA3033-C11A-4F9A-A211-DF2DF96C6706}"
EndProject
Project("{FAE04EC0-301F-11D3-BF4B-00C04F79EFBC}") = "ResponsivePath.Validation", "ResponsivePath.Validation\ResponsivePath.Validation.csproj", "{A785F579-73FE-4DC1-9166-EC7346FB3F89}"
EndProject
Global
	GlobalSection(SolutionConfigurationPlatforms) = preSolution
		Debug|Any CPU = Debug|Any CPU
		Release|Any CPU = Release|Any CPU
	EndGlobalSection
	GlobalSection(ProjectConfigurationPlatforms) = postSolution
		{6FBA3033-C11A-4F9A-A211-DF2DF96C6706}.Debug|Any CPU.ActiveCfg = Debug|Any CPU
		{6FBA3033-C11A-4F9A-A211-DF2DF96C6706}.Debug|Any CPU.Build.0 = Debug|Any CPU
		{6FBA3033-C11A-4F9A-A211-DF2DF96C6706}.Release|Any CPU.ActiveCfg = Release|Any CPU
		{6FBA3033-C11A-4F9A-A211-DF2DF96C6706}.Release|Any CPU.Build.0 = Release|Any CPU
		{A785F579-73FE-4DC1-9166-EC7346FB3F89}.Debug|Any CPU.ActiveCfg = Debug|Any CPU
		{A785F579-73FE-4DC1-9166-EC7346FB3F89}.Debug|Any CPU.Build.0 = Debug|Any CPU
		{A785F579-73FE-4DC1-9166-EC7346FB3F89}.Release|Any CPU.ActiveCfg = Release|Any CPU
		{A785F579-73FE-4DC1-9166-EC7346FB3F89}.Release|Any CPU.Build.0 = Release|Any CPU
	EndGlobalSection
	GlobalSection(SolutionProperties) = preSolution
		HideSolutionNode = FALSE
	EndGlobalSection
EndGlobal
